
Microsoft Visual Studio Solution File, Format Version 12.00
# Visual Studio Version 17
VisualStudioVersion = 17.0.32112.339
MinimumVisualStudioVersion = 10.0.40219.1
Project("{FAE04EC0-301F-11D3-BF4B-00C04F79EFBC}") = "Demo.Logging", "Demo.Logging\Demo.Logging.csproj", "{703FC776-0E19-4EF0-87FE-B486F47EB363}"
EndProject
Project("{FAE04EC0-301F-11D3-BF4B-00C04F79EFBC}") = "Demo.Logging.Client", "Demo.Logging.Client\Demo.Logging.Client.csproj", "{1652598F-9E77-4384-B9A3-443A052151CF}"
EndProject
Global
	GlobalSection(SolutionConfigurationPlatforms) = preSolution
		Debug|Any CPU = Debug|Any CPU
		Release|Any CPU = Release|Any CPU
	EndGlobalSection
	GlobalSection(ProjectConfigurationPlatforms) = postSolution
		{703FC776-0E19-4EF0-87FE-B486F47EB363}.Debug|Any CPU.ActiveCfg = Debug|Any CPU
		{703FC776-0E19-4EF0-87FE-B486F47EB363}.Debug|Any CPU.Build.0 = Debug|Any CPU
		{703FC776-0E19-4EF0-87FE-B486F47EB363}.Release|Any CPU.ActiveCfg = Release|Any CPU
		{703FC776-0E19-4EF0-87FE-B486F47EB363}.Release|Any CPU.Build.0 = Release|Any CPU
		{1652598F-9E77-4384-B9A3-443A052151CF}.Debug|Any CPU.ActiveCfg = Debug|Any CPU
		{1652598F-9E77-4384-B9A3-443A052151CF}.Debug|Any CPU.Build.0 = Debug|Any CPU
		{1652598F-9E77-4384-B9A3-443A052151CF}.Release|Any CPU.ActiveCfg = Release|Any CPU
		{1652598F-9E77-4384-B9A3-443A052151CF}.Release|Any CPU.Build.0 = Release|Any CPU
	EndGlobalSection
	GlobalSection(SolutionProperties) = preSolution
		HideSolutionNode = FALSE
	EndGlobalSection
	GlobalSection(ExtensibilityGlobals) = postSolution
		SolutionGuid = {B06B64B3-49DE-44A6-A323-8057E96E920E}
	EndGlobalSection
EndGlobal
